
Microsoft Visual Studio Solution File, Format Version 12.00
# Visual Studio Version 16
VisualStudioVersion = 16.0.31424.327
MinimumVisualStudioVersion = 10.0.40219.1
Project("{FAE04EC0-301F-11D3-BF4B-00C04F79EFBC}") = "HerançaExemplos", "HerançaExemplos\HerançaExemplos.csproj", "{4AB39E15-30F6-4720-9CB0-DD24C10151AA}"
EndProject
Global
	GlobalSection(SolutionConfigurationPlatforms) = preSolution
		Debug|Any CPU = Debug|Any CPU
		Release|Any CPU = Release|Any CPU
	EndGlobalSection
	GlobalSection(ProjectConfigurationPlatforms) = postSolution
		{4AB39E15-30F6-4720-9CB0-DD24C10151AA}.Debug|Any CPU.ActiveCfg = Debug|Any CPU
		{4AB39E15-30F6-4720-9CB0-DD24C10151AA}.Debug|Any CPU.Build.0 = Debug|Any CPU
		{4AB39E15-30F6-4720-9CB0-DD24C10151AA}.Release|Any CPU.ActiveCfg = Release|Any CPU
		{4AB39E15-30F6-4720-9CB0-DD24C10151AA}.Release|Any CPU.Build.0 = Release|Any CPU
	EndGlobalSection
	GlobalSection(SolutionProperties) = preSolution
		HideSolutionNode = FALSE
	EndGlobalSection
	GlobalSection(ExtensibilityGlobals) = postSolution
		SolutionGuid = {D4E32C32-EC32-452F-B8B8-2D21010F3ECD}
	EndGlobalSection
EndGlobal
