
Microsoft Visual Studio Solution File, Format Version 12.00
# Visual Studio Version 16
VisualStudioVersion = 16.0.31424.327
MinimumVisualStudioVersion = 10.0.40219.1
Project("{FAE04EC0-301F-11D3-BF4B-00C04F79EFBC}") = "EnumExercise", "EnumExercise\EnumExercise.csproj", "{27748B04-20B2-4D4C-826D-5BD720AF22CD}"
EndProject
Global
	GlobalSection(SolutionConfigurationPlatforms) = preSolution
		Debug|Any CPU = Debug|Any CPU
		Release|Any CPU = Release|Any CPU
	EndGlobalSection
	GlobalSection(ProjectConfigurationPlatforms) = postSolution
		{27748B04-20B2-4D4C-826D-5BD720AF22CD}.Debug|Any CPU.ActiveCfg = Debug|Any CPU
		{27748B04-20B2-4D4C-826D-5BD720AF22CD}.Debug|Any CPU.Build.0 = Debug|Any CPU
		{27748B04-20B2-4D4C-826D-5BD720AF22CD}.Release|Any CPU.ActiveCfg = Release|Any CPU
		{27748B04-20B2-4D4C-826D-5BD720AF22CD}.Release|Any CPU.Build.0 = Release|Any CPU
	EndGlobalSection
	GlobalSection(SolutionProperties) = preSolution
		HideSolutionNode = FALSE
	EndGlobalSection
	GlobalSection(ExtensibilityGlobals) = postSolution
		SolutionGuid = {83BB4766-4FDB-42E7-B27E-E15AABE77321}
	EndGlobalSection
EndGlobal
